
Microsoft Visual Studio Solution File, Format Version 11.00
# Visual Studio 2010
Project("{FAE04EC0-301F-11D3-BF4B-00C04F79EFBC}") = "Hello World 2.0", "Assembly-CSharp.csproj", "{E773DAA8-824B-1CB5-15E5-FC3D6413B10A}"
EndProject
Global
	GlobalSection(SolutionConfigurationPlatforms) = preSolution
		Debug|Any CPU = Debug|Any CPU
		Release|Any CPU = Release|Any CPU
	EndGlobalSection
	GlobalSection(ProjectConfigurationPlatforms) = postSolution
		{E773DAA8-824B-1CB5-15E5-FC3D6413B10A}.Debug|Any CPU.ActiveCfg = Debug|Any CPU
		{E773DAA8-824B-1CB5-15E5-FC3D6413B10A}.Debug|Any CPU.Build.0 = Debug|Any CPU
		{E773DAA8-824B-1CB5-15E5-FC3D6413B10A}.Release|Any CPU.ActiveCfg = Release|Any CPU
		{E773DAA8-824B-1CB5-15E5-FC3D6413B10A}.Release|Any CPU.Build.0 = Release|Any CPU
	EndGlobalSection
	GlobalSection(SolutionProperties) = preSolution
		HideSolutionNode = FALSE
	EndGlobalSection
	GlobalSection(MonoDevelopProperties) = preSolution
		StartupItem = Assembly-CSharp.csproj
	EndGlobalSection
EndGlobal
